
Microsoft Visual Studio Solution File, Format Version 12.00
# Visual Studio Version 16
VisualStudioVersion = 16.0.30717.126
MinimumVisualStudioVersion = 10.0.40219.1
Project("{FAE04EC0-301F-11D3-BF4B-00C04F79EFBC}") = "projecto19Condicional", "projecto19Condicional\projecto19Condicional.csproj", "{5628A964-2B46-4EB5-9D95-1544B3AFDEA1}"
EndProject
Global
	GlobalSection(SolutionConfigurationPlatforms) = preSolution
		Debug|Any CPU = Debug|Any CPU
		Release|Any CPU = Release|Any CPU
	EndGlobalSection
	GlobalSection(ProjectConfigurationPlatforms) = postSolution
		{5628A964-2B46-4EB5-9D95-1544B3AFDEA1}.Debug|Any CPU.ActiveCfg = Debug|Any CPU
		{5628A964-2B46-4EB5-9D95-1544B3AFDEA1}.Debug|Any CPU.Build.0 = Debug|Any CPU
		{5628A964-2B46-4EB5-9D95-1544B3AFDEA1}.Release|Any CPU.ActiveCfg = Release|Any CPU
		{5628A964-2B46-4EB5-9D95-1544B3AFDEA1}.Release|Any CPU.Build.0 = Release|Any CPU
	EndGlobalSection
	GlobalSection(SolutionProperties) = preSolution
		HideSolutionNode = FALSE
	EndGlobalSection
	GlobalSection(ExtensibilityGlobals) = postSolution
		SolutionGuid = {CBA0D512-AACC-4AAF-AAEB-CA40D8B2D66C}
	EndGlobalSection
EndGlobal
